# This file is @generated by PDM.
# It is not intended for manual editing.

[metadata]
groups = ["default", "exe"]
strategy = []
lock_version = "4.5.0"
content_hash = "sha256:d53a5dc4812aa4cb4ae3063d41987a58a585d1cf897874eb6f1538edd3ee6eea"

[[metadata.targets]]
requires_python = "==3.11.9"
platform = "windows_amd64"
implementation = "cpython"
gil_disabled = false

[[package]]
name = "brf2ebrl"
version = "0.1.0"
requires_python = ">=3.10"
git = "https://github.com/aphtech/brf2ebrl"
revision = "c9942fd59a9c0879842c65001a9daea037cf167a"
summary = "A tool for converting BRF to eBRL."
dependencies = [
    "html5lib>=1.1",
    "lxml>=5.3.0",
    "pypdf>=4.3.1",
    "regex>=2023.8.8",
]

[[package]]
name = "html5lib"
version = "1.1"
requires_python = ">=2.7, !=3.0.*, !=3.1.*, !=3.2.*, !=3.3.*, !=3.4.*"
summary = "HTML parser based on the WHATWG HTML specification"
dependencies = [
    "six>=1.9",
    "webencodings",
]
files = [
    {file = "html5lib-1.1-py2.py3-none-any.whl", hash = "sha256:0d78f8fde1c230e99fe37986a60526d7049ed4bf8a9fadbad5f00e22e58e041d"},
    {file = "html5lib-1.1.tar.gz", hash = "sha256:b2e5b40261e20f354d198eae92afc10d750afb487ed5e50f9c4eaf07c184146f"},
]

[[package]]
name = "lxml"
version = "5.3.0"
requires_python = ">=3.6"
summary = "Powerful and Pythonic XML processing library combining libxml2/libxslt with the ElementTree API."
files = [
    {file = "lxml-5.3.0-cp311-cp311-win_amd64.whl", hash = "sha256:9c52100e2c2dbb0649b90467935c4b0de5528833c76a35ea1a2691ec9f1ee7a1"},
    {file = "lxml-5.3.0.tar.gz", hash = "sha256:4e109ca30d1edec1ac60cdbe341905dc3b8f55b16855e03a54aaf59e51ec8c6f"},
]

[[package]]
name = "nuitka"
version = "2.6"
summary = "Python compiler with full language support and CPython compatibility"
dependencies = [
    "ordered-set>=4.1.0",
    "zstandard>=0.15",
]
files = [
    {file = "Nuitka-2.6.tar.gz", hash = "sha256:7d67293d2fe6a481b5d244008af6fa7511a6f27d0664d1adec9305b6fabe9cc8"},
]

[[package]]
name = "ordered-set"
version = "4.1.0"
requires_python = ">=3.7"
summary = "An OrderedSet is a custom MutableSet that remembers its order, so that every"
files = [
    {file = "ordered-set-4.1.0.tar.gz", hash = "sha256:694a8e44c87657c59292ede72891eb91d34131f6531463aab3009191c77364a8"},
    {file = "ordered_set-4.1.0-py3-none-any.whl", hash = "sha256:046e1132c71fcf3330438a539928932caf51ddbc582496833e23de611de14562"},
]

[[package]]
name = "pypdf"
version = "4.3.1"
requires_python = ">=3.6"
summary = "A pure-python PDF library capable of splitting, merging, cropping, and transforming PDF files"
dependencies = [
    "dataclasses; python_version < \"3.7\"",
    "typing-extensions>=4.0; python_version < \"3.11\"",
]
files = [
    {file = "pypdf-4.3.1-py3-none-any.whl", hash = "sha256:64b31da97eda0771ef22edb1bfecd5deee4b72c3d1736b7df2689805076d6418"},
    {file = "pypdf-4.3.1.tar.gz", hash = "sha256:b2f37fe9a3030aa97ca86067a56ba3f9d3565f9a791b305c7355d8392c30d91b"},
]

[[package]]
name = "pyside6"
version = "6.8.1.1"
requires_python = "<3.14,>=3.9"
summary = "Python bindings for the Qt cross-platform application and UI framework"
dependencies = [
    "PySide6-Addons==6.8.1.1",
    "PySide6-Essentials==6.8.1.1",
    "shiboken6==6.8.1.1",
]
files = [
    {file = "PySide6-6.8.1.1-cp39-abi3-win_amd64.whl", hash = "sha256:60a2551053fa69845b893fb821507e2cc89d3a8a8b43726d568acd1250ad44fb"},
]

[[package]]
name = "pyside6-addons"
version = "6.8.1.1"
requires_python = "<3.14,>=3.9"
summary = "Python bindings for the Qt cross-platform application and UI framework (Addons)"
dependencies = [
    "PySide6-Essentials==6.8.1.1",
    "shiboken6==6.8.1.1",
]
files = [
    {file = "PySide6_Addons-6.8.1.1-cp39-abi3-win_amd64.whl", hash = "sha256:d8ae86944ac48cc9891666cf71565acebd403a953d0e050be4d41ac490788d0a"},
]

[[package]]
name = "pyside6-essentials"
version = "6.8.1.1"
requires_python = "<3.14,>=3.9"
summary = "Python bindings for the Qt cross-platform application and UI framework (Essentials)"
dependencies = [
    "shiboken6==6.8.1.1",
]
files = [
    {file = "PySide6_Essentials-6.8.1.1-cp39-abi3-win_amd64.whl", hash = "sha256:085f12e16db31eb0e802b21c64eabf582f54db6c44463a1f5e1814d897b1f2c0"},
]

[[package]]
name = "regex"
version = "2023.8.8"
requires_python = ">=3.6"
summary = "Alternative regular expression module, to replace re."
files = [
    {file = "regex-2023.8.8-cp311-cp311-macosx_10_9_x86_64.whl", hash = "sha256:1e7d84d64c84ad97bf06f3c8cb5e48941f135ace28f450d86af6b6512f1c9a71"},
    {file = "regex-2023.8.8-cp311-cp311-macosx_11_0_arm64.whl", hash = "sha256:ce0f9fbe7d295f9922c0424a3637b88c6c472b75eafeaff6f910494a1fa719ef"},
    {file = "regex-2023.8.8-cp311-cp311-manylinux_2_17_aarch64.manylinux2014_aarch64.whl", hash = "sha256:06c57e14ac723b04458df5956cfb7e2d9caa6e9d353c0b4c7d5d54fcb1325c46"},
    {file = "regex-2023.8.8-cp311-cp311-manylinux_2_17_ppc64le.manylinux2014_ppc64le.whl", hash = "sha256:e7a9aaa5a1267125eef22cef3b63484c3241aaec6f48949b366d26c7250e0357"},
    {file = "regex-2023.8.8-cp311-cp311-manylinux_2_17_s390x.manylinux2014_s390x.whl", hash = "sha256:9b7408511fca48a82a119d78a77c2f5eb1b22fe88b0d2450ed0756d194fe7a9a"},
    {file = "regex-2023.8.8-cp311-cp311-manylinux_2_17_x86_64.manylinux2014_x86_64.whl", hash = "sha256:14dc6f2d88192a67d708341f3085df6a4f5a0c7b03dec08d763ca2cd86e9f559"},
    {file = "regex-2023.8.8-cp311-cp311-manylinux_2_5_i686.manylinux1_i686.manylinux_2_17_i686.manylinux2014_i686.whl", hash = "sha256:48c640b99213643d141550326f34f0502fedb1798adb3c9eb79650b1ecb2f177"},
    {file = "regex-2023.8.8-cp311-cp311-musllinux_1_1_aarch64.whl", hash = "sha256:0085da0f6c6393428bf0d9c08d8b1874d805bb55e17cb1dfa5ddb7cfb11140bf"},
    {file = "regex-2023.8.8-cp311-cp311-musllinux_1_1_i686.whl", hash = "sha256:964b16dcc10c79a4a2be9f1273fcc2684a9eedb3906439720598029a797b46e6"},
    {file = "regex-2023.8.8-cp311-cp311-musllinux_1_1_ppc64le.whl", hash = "sha256:7ce606c14bb195b0e5108544b540e2c5faed6843367e4ab3deb5c6aa5e681208"},
    {file = "regex-2023.8.8-cp311-cp311-musllinux_1_1_s390x.whl", hash = "sha256:40f029d73b10fac448c73d6eb33d57b34607f40116e9f6e9f0d32e9229b147d7"},
    {file = "regex-2023.8.8-cp311-cp311-musllinux_1_1_x86_64.whl", hash = "sha256:3b8e6ea6be6d64104d8e9afc34c151926f8182f84e7ac290a93925c0db004bfd"},
    {file = "regex-2023.8.8-cp311-cp311-win32.whl", hash = "sha256:942f8b1f3b223638b02df7df79140646c03938d488fbfb771824f3d05fc083a8"},
    {file = "regex-2023.8.8-cp311-cp311-win_amd64.whl", hash = "sha256:51d8ea2a3a1a8fe4f67de21b8b93757005213e8ac3917567872f2865185fa7fb"},
    {file = "regex-2023.8.8.tar.gz", hash = "sha256:fcbdc5f2b0f1cd0f6a56cdb46fe41d2cce1e644e3b68832f3eeebc5fb0f7712e"},
]

[[package]]
name = "shiboken6"
version = "6.8.1.1"
requires_python = "<3.14,>=3.9"
summary = "Python/C++ bindings helper module"
files = [
    {file = "shiboken6-6.8.1.1-cp39-abi3-win_amd64.whl", hash = "sha256:26f7041c77058a8ecfb9345caa187250b199de79cfb37e33936e5fbd468a7780"},
]

[[package]]
name = "six"
version = "1.16.0"
requires_python = ">=2.7, !=3.0.*, !=3.1.*, !=3.2.*"
summary = "Python 2 and 3 compatibility utilities"
files = [
    {file = "six-1.16.0-py2.py3-none-any.whl", hash = "sha256:8abb2f1d86890a2dfb989f9a77cfcfd3e47c2a354b01111771326f8aa26e0254"},
    {file = "six-1.16.0.tar.gz", hash = "sha256:1e61c37477a1626458e36f7b1d82aa5c9b094fa4802892072e49de9c60c4c926"},
]

[[package]]
name = "webencodings"
version = "0.5.1"
summary = "Character encoding aliases for legacy web content"
files = [
    {file = "webencodings-0.5.1-py2.py3-none-any.whl", hash = "sha256:a0af1213f3c2226497a97e2b3aa01a7e4bee4f403f95be16fc9acd2947514a78"},
    {file = "webencodings-0.5.1.tar.gz", hash = "sha256:b36a1c245f2d304965eb4e0a82848379241dc04b865afcc4aab16748587e1923"},
]

[[package]]
name = "zstandard"
version = "0.21.0"
requires_python = ">=3.7"
summary = "Zstandard bindings for Python"
dependencies = [
    "cffi>=1.11; platform_python_implementation == \"PyPy\"",
]
files = [
    {file = "zstandard-0.21.0-cp311-cp311-macosx_10_9_x86_64.whl", hash = "sha256:7f2afab2c727b6a3d466faee6974a7dad0d9991241c498e7317e5ccf53dbc766"},
    {file = "zstandard-0.21.0-cp311-cp311-macosx_11_0_arm64.whl", hash = "sha256:ff0852da2abe86326b20abae912d0367878dd0854b8931897d44cfeb18985472"},
    {file = "zstandard-0.21.0-cp311-cp311-manylinux_2_17_aarch64.manylinux2014_aarch64.whl", hash = "sha256:d12fa383e315b62630bd407477d750ec96a0f438447d0e6e496ab67b8b451d39"},
    {file = "zstandard-0.21.0-cp311-cp311-manylinux_2_17_x86_64.manylinux2014_x86_64.whl", hash = "sha256:f1b9703fe2e6b6811886c44052647df7c37478af1b4a1a9078585806f42e5b15"},
    {file = "zstandard-0.21.0-cp311-cp311-manylinux_2_5_i686.manylinux1_i686.manylinux_2_17_i686.manylinux2014_i686.whl", hash = "sha256:df28aa5c241f59a7ab524f8ad8bb75d9a23f7ed9d501b0fed6d40ec3064784e8"},
    {file = "zstandard-0.21.0-cp311-cp311-win32.whl", hash = "sha256:0aad6090ac164a9d237d096c8af241b8dcd015524ac6dbec1330092dba151657"},
    {file = "zstandard-0.21.0-cp311-cp311-win_amd64.whl", hash = "sha256:48b6233b5c4cacb7afb0ee6b4f91820afbb6c0e3ae0fa10abbc20000acdf4f11"},
    {file = "zstandard-0.21.0.tar.gz", hash = "sha256:f08e3a10d01a247877e4cb61a82a319ea746c356a3786558bed2481e6c405546"},
]
