# This file is @generated by PDM.
# It is not intended for manual editing.

[metadata]
groups = ["default", "exe"]
strategy = []
lock_version = "4.5.0"
content_hash = "sha256:d53a5dc4812aa4cb4ae3063d41987a58a585d1cf897874eb6f1538edd3ee6eea"

[[metadata.targets]]
requires_python = "==3.11.9"
platform = "windows_amd64"
implementation = "cpython"
gil_disabled = false

[[package]]
name = "brf2ebrl"
version = "0.1.0"
requires_python = ">=3.10"
git = "https://github.com/aphtech/brf2ebrl"
revision = "f7948ad3b95a61180076f7fb7f1159d0fd2edc1b"
summary = "A tool for converting BRF to eBRL."
dependencies = [
    "html5lib>=1.1",
    "lxml>=5.3.0",
    "pypdf>=5.3.0",
    "regex>=2024.11.6",
]

[[package]]
name = "html5lib"
version = "1.1"
requires_python = ">=2.7, !=3.0.*, !=3.1.*, !=3.2.*, !=3.3.*, !=3.4.*"
summary = "HTML parser based on the WHATWG HTML specification"
dependencies = [
    "six>=1.9",
    "webencodings",
]
files = [
    {file = "html5lib-1.1-py2.py3-none-any.whl", hash = "sha256:0d78f8fde1c230e99fe37986a60526d7049ed4bf8a9fadbad5f00e22e58e041d"},
    {file = "html5lib-1.1.tar.gz", hash = "sha256:b2e5b40261e20f354d198eae92afc10d750afb487ed5e50f9c4eaf07c184146f"},
]

[[package]]
name = "lxml"
version = "5.3.0"
requires_python = ">=3.6"
summary = "Powerful and Pythonic XML processing library combining libxml2/libxslt with the ElementTree API."
files = [
    {file = "lxml-5.3.0-cp311-cp311-win_amd64.whl", hash = "sha256:9c52100e2c2dbb0649b90467935c4b0de5528833c76a35ea1a2691ec9f1ee7a1"},
    {file = "lxml-5.3.0.tar.gz", hash = "sha256:4e109ca30d1edec1ac60cdbe341905dc3b8f55b16855e03a54aaf59e51ec8c6f"},
]

[[package]]
name = "nuitka"
version = "2.6.4"
summary = "Python compiler with full language support and CPython compatibility"
dependencies = [
    "ordered-set>=4.1.0",
    "zstandard>=0.15",
]
files = [
    {file = "Nuitka-2.6.4.tar.gz", hash = "sha256:9fc8d5d16b7fd43520312128cd979eea00f5abbffbce59cc2e6f18cd615dfedb"},
]

[[package]]
name = "ordered-set"
version = "4.1.0"
requires_python = ">=3.7"
summary = "An OrderedSet is a custom MutableSet that remembers its order, so that every"
files = [
    {file = "ordered-set-4.1.0.tar.gz", hash = "sha256:694a8e44c87657c59292ede72891eb91d34131f6531463aab3009191c77364a8"},
    {file = "ordered_set-4.1.0-py3-none-any.whl", hash = "sha256:046e1132c71fcf3330438a539928932caf51ddbc582496833e23de611de14562"},
]

[[package]]
name = "pypdf"
version = "5.3.0"
requires_python = ">=3.8"
summary = "A pure-python PDF library capable of splitting, merging, cropping, and transforming PDF files"
dependencies = [
    "typing-extensions>=4.0; python_version < \"3.11\"",
]
files = [
    {file = "pypdf-5.3.0-py3-none-any.whl", hash = "sha256:d7b6db242f5f8fdb4990ae11815c394b8e1b955feda0befcce862efd8559c181"},
    {file = "pypdf-5.3.0.tar.gz", hash = "sha256:08393660dfea25b27ec6fe863fb2f2248e6270da5103fae49e9dea8178741951"},
]

[[package]]
name = "pyside6"
version = "6.8.2.1"
requires_python = "<3.14,>=3.9"
summary = "Python bindings for the Qt cross-platform application and UI framework"
dependencies = [
    "PySide6-Addons==6.8.2.1",
    "PySide6-Essentials==6.8.2.1",
    "shiboken6==6.8.2.1",
]
files = [
    {file = "PySide6-6.8.2.1-cp39-abi3-win_amd64.whl", hash = "sha256:92361e41727910e3560ea5ba494fabecc76cd20892c9fcb2ced07619081c4e65"},
]

[[package]]
name = "pyside6-addons"
version = "6.8.2.1"
requires_python = "<3.14,>=3.9"
summary = "Python bindings for the Qt cross-platform application and UI framework (Addons)"
dependencies = [
    "PySide6-Essentials==6.8.2.1",
    "shiboken6==6.8.2.1",
]
files = [
    {file = "PySide6_Addons-6.8.2.1-cp39-abi3-win_amd64.whl", hash = "sha256:c761cc45022aa79d8419e671e7fb34a4a3e5b3826f1e68fcb819bd6e3a387fbb"},
]

[[package]]
name = "pyside6-essentials"
version = "6.8.2.1"
requires_python = "<3.14,>=3.9"
summary = "Python bindings for the Qt cross-platform application and UI framework (Essentials)"
dependencies = [
    "shiboken6==6.8.2.1",
]
files = [
    {file = "PySide6_Essentials-6.8.2.1-cp39-abi3-win_amd64.whl", hash = "sha256:18de224f09108998d194e60f2fb8a1e86367dd525dd8a6192598e80e6ada649e"},
]

[[package]]
name = "regex"
version = "2024.11.6"
requires_python = ">=3.8"
summary = "Alternative regular expression module, to replace re."
files = [
    {file = "regex-2024.11.6-cp311-cp311-win_amd64.whl", hash = "sha256:02e28184be537f0e75c1f9b2f8847dc51e08e6e171c6bde130b2687e0c33cf60"},
    {file = "regex-2024.11.6.tar.gz", hash = "sha256:7ab159b063c52a0333c884e4679f8d7a85112ee3078fe3d9004b2dd875585519"},
]

[[package]]
name = "shiboken6"
version = "6.8.2.1"
requires_python = "<3.14,>=3.9"
summary = "Python/C++ bindings helper module"
files = [
    {file = "shiboken6-6.8.2.1-cp39-abi3-win_amd64.whl", hash = "sha256:1b751d47b759762b7ca31bad278d52eca4105d3028880d93979261ebbfba810c"},
]

[[package]]
name = "six"
version = "1.16.0"
requires_python = ">=2.7, !=3.0.*, !=3.1.*, !=3.2.*"
summary = "Python 2 and 3 compatibility utilities"
files = [
    {file = "six-1.16.0-py2.py3-none-any.whl", hash = "sha256:8abb2f1d86890a2dfb989f9a77cfcfd3e47c2a354b01111771326f8aa26e0254"},
    {file = "six-1.16.0.tar.gz", hash = "sha256:1e61c37477a1626458e36f7b1d82aa5c9b094fa4802892072e49de9c60c4c926"},
]

[[package]]
name = "webencodings"
version = "0.5.1"
summary = "Character encoding aliases for legacy web content"
files = [
    {file = "webencodings-0.5.1-py2.py3-none-any.whl", hash = "sha256:a0af1213f3c2226497a97e2b3aa01a7e4bee4f403f95be16fc9acd2947514a78"},
    {file = "webencodings-0.5.1.tar.gz", hash = "sha256:b36a1c245f2d304965eb4e0a82848379241dc04b865afcc4aab16748587e1923"},
]

[[package]]
name = "zstandard"
version = "0.21.0"
requires_python = ">=3.7"
summary = "Zstandard bindings for Python"
dependencies = [
    "cffi>=1.11; platform_python_implementation == \"PyPy\"",
]
files = [
    {file = "zstandard-0.21.0-cp311-cp311-macosx_10_9_x86_64.whl", hash = "sha256:7f2afab2c727b6a3d466faee6974a7dad0d9991241c498e7317e5ccf53dbc766"},
    {file = "zstandard-0.21.0-cp311-cp311-macosx_11_0_arm64.whl", hash = "sha256:ff0852da2abe86326b20abae912d0367878dd0854b8931897d44cfeb18985472"},
    {file = "zstandard-0.21.0-cp311-cp311-manylinux_2_17_aarch64.manylinux2014_aarch64.whl", hash = "sha256:d12fa383e315b62630bd407477d750ec96a0f438447d0e6e496ab67b8b451d39"},
    {file = "zstandard-0.21.0-cp311-cp311-manylinux_2_17_x86_64.manylinux2014_x86_64.whl", hash = "sha256:f1b9703fe2e6b6811886c44052647df7c37478af1b4a1a9078585806f42e5b15"},
    {file = "zstandard-0.21.0-cp311-cp311-manylinux_2_5_i686.manylinux1_i686.manylinux_2_17_i686.manylinux2014_i686.whl", hash = "sha256:df28aa5c241f59a7ab524f8ad8bb75d9a23f7ed9d501b0fed6d40ec3064784e8"},
    {file = "zstandard-0.21.0-cp311-cp311-win32.whl", hash = "sha256:0aad6090ac164a9d237d096c8af241b8dcd015524ac6dbec1330092dba151657"},
    {file = "zstandard-0.21.0-cp311-cp311-win_amd64.whl", hash = "sha256:48b6233b5c4cacb7afb0ee6b4f91820afbb6c0e3ae0fa10abbc20000acdf4f11"},
    {file = "zstandard-0.21.0.tar.gz", hash = "sha256:f08e3a10d01a247877e4cb61a82a319ea746c356a3786558bed2481e6c405546"},
]
